# THIS IS AN AUTOGENERATED FILE. DO NOT EDIT THIS FILE DIRECTLY.
# yarn lockfile v1


"@csstools/convert-colors@^1.4.0":
  version "1.4.0"
  resolved "https://registry.yarnpkg.com/@csstools/convert-colors/-/convert-colors-1.4.0.tgz#ad495dc41b12e75d588c6db8b9834f08fa131eb7"

ansi-styles@^3.2.1:
  version "3.2.1"
  resolved "https://registry.yarnpkg.com/ansi-styles/-/ansi-styles-3.2.1.tgz#41fbb20243e50b12be0f04b8dedbf07520ce841d"
  dependencies:
    color-convert "^1.9.0"

autoprefixer@^8.6.3:
  version "8.6.5"
  resolved "https://registry.yarnpkg.com/autoprefixer/-/autoprefixer-8.6.5.tgz#343f3d193ed568b3208e00117a1b96eb691d4ee9"
  dependencies:
    browserslist "^3.2.8"
    caniuse-lite "^1.0.30000864"
    normalize-range "^0.1.2"
    num2fraction "^1.2.2"
    postcss "^6.0.23"
    postcss-value-parser "^3.2.3"

balanced-match@^0.4.2:
  version "0.4.2"
  resolved "https://registry.yarnpkg.com/balanced-match/-/balanced-match-0.4.2.tgz#cb3f3e3c732dc0f01ee70b403f302e61d7709838"

balanced-match@^1.0.0:
  version "1.0.0"
  resolved "https://registry.yarnpkg.com/balanced-match/-/balanced-match-1.0.0.tgz#89b4d199ab2bee49de164ea02b89ce462d71b767"

browserslist@^3.2.8:
  version "3.2.8"
  resolved "https://registry.yarnpkg.com/browserslist/-/browserslist-3.2.8.tgz#b0005361d6471f0f5952797a76fc985f1f978fc6"
  dependencies:
    caniuse-lite "^1.0.30000844"
    electron-to-chromium "^1.3.47"

caniuse-lite@^1.0.30000844, caniuse-lite@^1.0.30000859, caniuse-lite@^1.0.30000864:
  version "1.0.30000865"
  resolved "https://registry.yarnpkg.com/caniuse-lite/-/caniuse-lite-1.0.30000865.tgz#70026616e8afe6e1442f8bb4e1092987d81a2f25"

chalk@^2.4.1:
  version "2.4.1"
  resolved "https://registry.yarnpkg.com/chalk/-/chalk-2.4.1.tgz#18c49ab16a037b6eb0152cc83e3471338215b66e"
  dependencies:
    ansi-styles "^3.2.1"
    escape-string-regexp "^1.0.5"
    supports-color "^5.3.0"

color-convert@^1.8.2, color-convert@^1.9.0:
  version "1.9.2"
  resolved "https://registry.yarnpkg.com/color-convert/-/color-convert-1.9.2.tgz#49881b8fba67df12a96bdf3f56c0aab9e7913147"
  dependencies:
    color-name "1.1.1"

color-name@1.1.1:
  version "1.1.1"
  resolved "https://registry.yarnpkg.com/color-name/-/color-name-1.1.1.tgz#4b1415304cf50028ea81643643bd82ea05803689"

color-name@^1.0.0:
  version "1.1.3"
  resolved "https://registry.yarnpkg.com/color-name/-/color-name-1.1.3.tgz#a7d0558bd89c42f795dd42328f740831ca53bc25"

color-string@^1.4.0:
  version "1.5.2"
  resolved "https://registry.yarnpkg.com/color-string/-/color-string-1.5.2.tgz#26e45814bc3c9a7cbd6751648a41434514a773a9"
  dependencies:
    color-name "^1.0.0"
    simple-swizzle "^0.2.2"

color@^1.0.3:
  version "1.0.3"
  resolved "https://registry.yarnpkg.com/color/-/color-1.0.3.tgz#e48e832d85f14ef694fb468811c2d5cfe729b55d"
  dependencies:
    color-convert "^1.8.2"
    color-string "^1.4.0"

cssdb@^3.1.0:
  version "3.1.0"
  resolved "https://registry.yarnpkg.com/cssdb/-/cssdb-3.1.0.tgz#e1efa0d8831e9e655cadd499a89266d3565d9697"

cssesc@^1.0.1:
  version "1.0.1"
  resolved "https://registry.yarnpkg.com/cssesc/-/cssesc-1.0.1.tgz#ef7bd8d0229ed6a3a7051ff7771265fe7330e0a8"

electron-to-chromium@^1.3.47:
  version "1.3.52"
  resolved "https://registry.yarnpkg.com/electron-to-chromium/-/electron-to-chromium-1.3.52.tgz#d2d9f1270ba4a3b967b831c40ef71fb4d9ab5ce0"

escape-string-regexp@^1.0.5:
  version "1.0.5"
  resolved "https://registry.yarnpkg.com/escape-string-regexp/-/escape-string-regexp-1.0.5.tgz#1b61c0562190a8dff6ae3bb2cf0200ca130b86d4"

flatten@^1.0.2:
  version "1.0.2"
  resolved "https://registry.yarnpkg.com/flatten/-/flatten-1.0.2.tgz#dae46a9d78fbe25292258cc1e780a41d95c03782"

has-flag@^3.0.0:
  version "3.0.0"
  resolved "https://registry.yarnpkg.com/has-flag/-/has-flag-3.0.0.tgz#b5d454dc2199ae225699f3467e5a07f3b955bafd"

indexes-of@^1.0.1:
  version "1.0.1"
  resolved "https://registry.yarnpkg.com/indexes-of/-/indexes-of-1.0.1.tgz#f30f716c8e2bd346c7b67d3df3915566a7c05607"

is-arrayish@^0.3.1:
  version "0.3.2"
  resolved "https://registry.yarnpkg.com/is-arrayish/-/is-arrayish-0.3.2.tgz#4574a2ae56f7ab206896fb431eaeed066fdf8f03"

lodash._reinterpolate@~3.0.0:
  version "3.0.0"
  resolved "https://registry.yarnpkg.com/lodash._reinterpolate/-/lodash._reinterpolate-3.0.0.tgz#0ccf2d89166af03b3663c796538b75ac6e114d9d"

lodash.template@^4.2.4:
  version "4.4.0"
  resolved "https://registry.yarnpkg.com/lodash.template/-/lodash.template-4.4.0.tgz#e73a0385c8355591746e020b99679c690e68fba0"
  dependencies:
    lodash._reinterpolate "~3.0.0"
    lodash.templatesettings "^4.0.0"

lodash.templatesettings@^4.0.0:
  version "4.1.0"
  resolved "https://registry.yarnpkg.com/lodash.templatesettings/-/lodash.templatesettings-4.1.0.tgz#2b4d4e95ba440d915ff08bc899e4553666713316"
  dependencies:
    lodash._reinterpolate "~3.0.0"

normalize-range@^0.1.2:
  version "0.1.2"
  resolved "https://registry.yarnpkg.com/normalize-range/-/normalize-range-0.1.2.tgz#2d10c06bdfd312ea9777695a4d28439456b75942"

num2fraction@^1.2.2:
  version "1.2.2"
  resolved "https://registry.yarnpkg.com/num2fraction/-/num2fraction-1.2.2.tgz#6f682b6a027a4e9ddfa4564cd2589d1d4e669ede"

postcss-attribute-case-insensitive@^3.0.1:
  version "3.0.1"
  resolved "https://registry.yarnpkg.com/postcss-attribute-case-insensitive/-/postcss-attribute-case-insensitive-3.0.1.tgz#efd2c40b5d3d27dfab5678073bf652f76eaf4352"
  dependencies:
    postcss "^6.0.23"
    postcss-selector-parser "^4.0.0"

postcss-color-functional-notation@^1.0.1:
  version "1.0.1"
  resolved "https://registry.yarnpkg.com/postcss-color-functional-notation/-/postcss-color-functional-notation-1.0.1.tgz#a12fe1302fa63935e440859c9d53730023c0eadd"
  dependencies:
    postcss "^6.0.22"
    postcss-values-parser "^1.5.0"

postcss-color-hex-alpha@^3.0.0:
  version "3.0.0"
  resolved "https://registry.yarnpkg.com/postcss-color-hex-alpha/-/postcss-color-hex-alpha-3.0.0.tgz#1e53e6c8acb237955e8fd08b7ecdb1b8b8309f95"
  dependencies:
    color "^1.0.3"
    postcss "^6.0.1"
    postcss-message-helpers "^2.0.0"

postcss-color-mod-function@^2.4.2:
  version "2.4.2"
  resolved "https://registry.yarnpkg.com/postcss-color-mod-function/-/postcss-color-mod-function-2.4.2.tgz#bdf408f152bc3201517a4c38b7eb5cd2996114fb"
  dependencies:
    "@csstools/convert-colors" "^1.4.0"
    postcss "^6.0.19"
    postcss-values-parser "^1.3.2"

postcss-color-rebeccapurple@^3.1.0:
  version "3.1.0"
  resolved "https://registry.yarnpkg.com/postcss-color-rebeccapurple/-/postcss-color-rebeccapurple-3.1.0.tgz#ce1269ecc2d0d8bf92aab44bd884e633124c33ec"
  dependencies:
    postcss "^6.0.22"
    postcss-values-parser "^1.5.0"

postcss-custom-media@^6.0.0:
  version "6.0.0"
  resolved "https://registry.yarnpkg.com/postcss-custom-media/-/postcss-custom-media-6.0.0.tgz#be532784110ecb295044fb5395a18006eb21a737"
  dependencies:
    postcss "^6.0.1"

postcss-custom-properties@^7.0.0:
  version "7.0.0"
  resolved "https://registry.yarnpkg.com/postcss-custom-properties/-/postcss-custom-properties-7.0.0.tgz#24dc4fbe6d6ed550ea4fd3b11204660e9ffa3b33"
  dependencies:
    balanced-match "^1.0.0"
    postcss "^6.0.18"

postcss-custom-selectors@^4.0.1:
  version "4.0.1"
  resolved "https://registry.yarnpkg.com/postcss-custom-selectors/-/postcss-custom-selectors-4.0.1.tgz#781382f94c52e727ef5ca4776ea2adf49a611382"
  dependencies:
    postcss "^6.0.1"
    postcss-selector-matches "^3.0.0"

postcss-dir-pseudo-class@^4.0.0:
  version "4.0.0"
  resolved "https://registry.yarnpkg.com/postcss-dir-pseudo-class/-/postcss-dir-pseudo-class-4.0.0.tgz#007dba154a0750cb3095eeae01077088a61dcef5"
  dependencies:
    postcss "^6.0.22"
    postcss-selector-parser "^4.0.0"

postcss-env-function@^1.0.0:
  version "1.0.0"
  resolved "https://registry.yarnpkg.com/postcss-env-function/-/postcss-env-function-1.0.0.tgz#0d81b53b3d789d55d1cac8125ec64f89e916a2f7"
  dependencies:
    postcss "^6.0.22"
    postcss-values-parser "^1.5.0"

postcss-focus-visible@^3.0.0:
  version "3.0.0"
  resolved "https://registry.yarnpkg.com/postcss-focus-visible/-/postcss-focus-visible-3.0.0.tgz#c105b9d97e83c6a60cf3af34245ae451b326fb54"
  dependencies:
    postcss "^6.0"

postcss-focus-within@^2.0.0:
  version "2.0.0"
  resolved "https://registry.yarnpkg.com/postcss-focus-within/-/postcss-focus-within-2.0.0.tgz#7ff76ad8b5e9a000c0123d9690a76752c36c0c52"
  dependencies:
    postcss "^6.0.21"

postcss-font-family-system-ui@^3.0.0:
  version "3.0.0"
  resolved "https://registry.yarnpkg.com/postcss-font-family-system-ui/-/postcss-font-family-system-ui-3.0.0.tgz#675fe7a9e029669f05f8dba2e44c2225ede80623"
  dependencies:
    postcss "^6.0"

postcss-font-variant@^3.0.0:
  version "3.0.0"
  resolved "https://registry.yarnpkg.com/postcss-font-variant/-/postcss-font-variant-3.0.0.tgz#08ccc88f6050ba82ed8ef2cc76c0c6a6b41f183e"
  dependencies:
    postcss "^6.0.1"

postcss-gap-properties@^1.0.0:
  version "1.0.0"
  resolved "https://registry.yarnpkg.com/postcss-gap-properties/-/postcss-gap-properties-1.0.0.tgz#2a43bed20d73fc9744e3b869610711ee72db58af"
  dependencies:
    postcss "^6.0.22"

postcss-image-set-function@^2.0.0:
  version "2.0.0"
  resolved "https://registry.yarnpkg.com/postcss-image-set-function/-/postcss-image-set-function-2.0.0.tgz#3f43f25bc242ec1319c4bd879ccfd62ee5256feb"
  dependencies:
    postcss "^6.0.22"
    postcss-values-parser "^1.5.0"

postcss-initial@^2.0.0:
  version "2.0.0"
  resolved "https://registry.yarnpkg.com/postcss-initial/-/postcss-initial-2.0.0.tgz#72715f7336e0bb79351d99ee65c4a253a8441ba4"
  dependencies:
    lodash.template "^4.2.4"
    postcss "^6.0.1"

postcss-lab-function@^1.0.1:
  version "1.0.1"
  resolved "https://registry.yarnpkg.com/postcss-lab-function/-/postcss-lab-function-1.0.1.tgz#f493a93edcd8379de716bc3aab156626c317ce3c"
  dependencies:
    "@csstools/convert-colors" "^1.4.0"
    postcss "^6.0.22"
    postcss-values-parser "^1.5.0"

postcss-logical@^1.1.1:
  version "1.1.1"
  resolved "https://registry.yarnpkg.com/postcss-logical/-/postcss-logical-1.1.1.tgz#bcabf0638d8aa747743b32bc52f9d90d4a3313d2"
  dependencies:
    postcss "^6.0.20"

postcss-media-minmax@^3.0.0:
  version "3.0.0"
  resolved "https://registry.yarnpkg.com/postcss-media-minmax/-/postcss-media-minmax-3.0.0.tgz#675256037a43ef40bc4f0760bfd06d4dc69d48d2"
  dependencies:
    postcss "^6.0.1"

postcss-message-helpers@^2.0.0:
  version "2.0.0"
  resolved "https://registry.yarnpkg.com/postcss-message-helpers/-/postcss-message-helpers-2.0.0.tgz#a4f2f4fab6e4fe002f0aed000478cdf52f9ba60e"

postcss-nesting@^6.0.0:
  version "6.0.0"
  resolved "https://registry.yarnpkg.com/postcss-nesting/-/postcss-nesting-6.0.0.tgz#4c45276a065765ec063efe1e4daf75c131518991"
  dependencies:
    postcss "^6.0.22"

postcss-overflow-shorthand@^1.0.1:
  version "1.0.1"
  resolved "https://registry.yarnpkg.com/postcss-overflow-shorthand/-/postcss-overflow-shorthand-1.0.1.tgz#f72cc216f770f1ab712863dcce9bc32f774b2b74"
  dependencies:
    postcss "^6.0.22"

postcss-page-break@^1.0.0:
  version "1.0.0"
  resolved "https://registry.yarnpkg.com/postcss-page-break/-/postcss-page-break-1.0.0.tgz#09a63b6e03db092d38569b33dcba42a343ace60b"
  dependencies:
    postcss "^6.0.16"

postcss-place@^3.0.1:
  version "3.0.1"
  resolved "https://registry.yarnpkg.com/postcss-place/-/postcss-place-3.0.1.tgz#95b0aeedd1302fe898c77ef6392cd1cfa7b23dd8"
  dependencies:
    postcss "^6.0.22"
    postcss-values-parser "^1.5.0"

postcss-preset-env@^5.2.1:
  version "5.2.1"
  resolved "https://registry.yarnpkg.com/postcss-preset-env/-/postcss-preset-env-5.2.1.tgz#298fd5a7a6d323e025bd554fc31fe5e1003875c8"
  dependencies:
    autoprefixer "^8.6.3"
    browserslist "^3.2.8"
    caniuse-lite "^1.0.30000859"
    cssdb "^3.1.0"
    postcss "^6.0.23"
    postcss-attribute-case-insensitive "^3.0.1"
    postcss-color-functional-notation "^1.0.1"
    postcss-color-hex-alpha "^3.0.0"
    postcss-color-mod-function "^2.4.2"
    postcss-color-rebeccapurple "^3.1.0"
    postcss-custom-media "^6.0.0"
    postcss-custom-properties "^7.0.0"
    postcss-custom-selectors "^4.0.1"
    postcss-dir-pseudo-class "^4.0.0"
    postcss-env-function "^1.0.0"
    postcss-focus-visible "^3.0.0"
    postcss-focus-within "^2.0.0"
    postcss-font-family-system-ui "^3.0.0"
    postcss-font-variant "^3.0.0"
    postcss-gap-properties "^1.0.0"
    postcss-image-set-function "^2.0.0"
    postcss-initial "^2.0.0"
    postcss-lab-function "^1.0.1"
    postcss-logical "^1.1.1"
    postcss-media-minmax "^3.0.0"
    postcss-nesting "^6.0.0"
    postcss-overflow-shorthand "^1.0.1"
    postcss-page-break "^1.0.0"
    postcss-place "^3.0.1"
    postcss-pseudo-class-any-link "^5.0.0"
    postcss-replace-overflow-wrap "^2.0.0"
    postcss-selector-matches "^3.0.1"
    postcss-selector-not "^3.0.1"

postcss-pseudo-class-any-link@^5.0.0:
  version "5.0.0"
  resolved "https://registry.yarnpkg.com/postcss-pseudo-class-any-link/-/postcss-pseudo-class-any-link-5.0.0.tgz#9979a55a75956c402c5d270a667632cf8ee8eccb"
  dependencies:
    postcss "^6.0.22"
    postcss-selector-parser "^4.0.0"

postcss-replace-overflow-wrap@^2.0.0:
  version "2.0.0"
  resolved "https://registry.yarnpkg.com/postcss-replace-overflow-wrap/-/postcss-replace-overflow-wrap-2.0.0.tgz#794db6faa54f8db100854392a93af45768b4e25b"
  dependencies:
    postcss "^6.0.1"

postcss-selector-matches@^3.0.0, postcss-selector-matches@^3.0.1:
  version "3.0.1"
  resolved "https://registry.yarnpkg.com/postcss-selector-matches/-/postcss-selector-matches-3.0.1.tgz#e5634011e13950881861bbdd58c2d0111ffc96ab"
  dependencies:
    balanced-match "^0.4.2"
    postcss "^6.0.1"

postcss-selector-not@^3.0.1:
  version "3.0.1"
  resolved "https://registry.yarnpkg.com/postcss-selector-not/-/postcss-selector-not-3.0.1.tgz#2e4db2f0965336c01e7cec7db6c60dff767335d9"
  dependencies:
    balanced-match "^0.4.2"
    postcss "^6.0.1"

postcss-selector-parser@^4.0.0:
  version "4.0.0"
  resolved "https://registry.yarnpkg.com/postcss-selector-parser/-/postcss-selector-parser-4.0.0.tgz#50c6570f40579036d8e63f23e6c0626fe5743527"
  dependencies:
    cssesc "^1.0.1"
    indexes-of "^1.0.1"
    uniq "^1.0.1"

postcss-value-parser@^3.2.3:
  version "3.3.0"
  resolved "https://registry.yarnpkg.com/postcss-value-parser/-/postcss-value-parser-3.3.0.tgz#87f38f9f18f774a4ab4c8a232f5c5ce8872a9d15"

postcss-values-parser@^1.3.2, postcss-values-parser@^1.5.0:
  version "1.5.0"
  resolved "https://registry.yarnpkg.com/postcss-values-parser/-/postcss-values-parser-1.5.0.tgz#5d9fa63e2bcb0179ce48f3235303765eb89f3047"
  dependencies:
    flatten "^1.0.2"
    indexes-of "^1.0.1"
    uniq "^1.0.1"

postcss@^6.0, postcss@^6.0.1, postcss@^6.0.16, postcss@^6.0.18, postcss@^6.0.19, postcss@^6.0.20, postcss@^6.0.21, postcss@^6.0.22, postcss@^6.0.23:
  version "6.0.23"
  resolved "https://registry.yarnpkg.com/postcss/-/postcss-6.0.23.tgz#61c82cc328ac60e677645f979054eb98bc0e3324"
  dependencies:
    chalk "^2.4.1"
    source-map "^0.6.1"
    supports-color "^5.4.0"

simple-swizzle@^0.2.2:
  version "0.2.2"
  resolved "https://registry.yarnpkg.com/simple-swizzle/-/simple-swizzle-0.2.2.tgz#a4da6b635ffcccca33f70d17cb92592de95e557a"
  dependencies:
    is-arrayish "^0.3.1"

source-map@^0.6.1:
  version "0.6.1"
  resolved "https://registry.yarnpkg.com/source-map/-/source-map-0.6.1.tgz#74722af32e9614e9c287a8d0bbde48b5e2f1a263"

supports-color@^5.3.0, supports-color@^5.4.0:
  version "5.4.0"
  resolved "https://registry.yarnpkg.com/supports-color/-/supports-color-5.4.0.tgz#1c6b337402c2137605efe19f10fec390f6faab54"
  dependencies:
    has-flag "^3.0.0"

uniq@^1.0.1:
  version "1.0.1"
  resolved "https://registry.yarnpkg.com/uniq/-/uniq-1.0.1.tgz#b31c5ae8254844a3a8281541ce2b04b865a734ff"
